# THIS IS AN AUTOGENERATED FILE. DO NOT EDIT THIS FILE DIRECTLY.
# yarn lockfile v1


ansi-regex@^1.0.0, ansi-regex@^1.1.0:
  version "1.1.1"
  resolved "https://registry.yarnpkg.com/ansi-regex/-/ansi-regex-1.1.1.tgz#41c847194646375e6a1a5d10c3ca054ef9fc980d"

ansi-styles@^2.0.1:
  version "2.2.1"
  resolved "https://registry.yarnpkg.com/ansi-styles/-/ansi-styles-2.2.1.tgz#b432dd3358b634cf75e1e4664368240533c1ddbe"

archy@0.0.2:
  version "0.0.2"
  resolved "https://registry.yarnpkg.com/archy/-/archy-0.0.2.tgz#910f43bf66141fc335564597abc189df44b3d35e"

babylon@^6.8.0:
  version "6.18.0"
  resolved "https://registry.yarnpkg.com/babylon/-/babylon-6.18.0.tgz#af2f3b88fa6f5c1e4c634d1a0f8eac4f55b395e3"

chalk@~1.0.0:
  version "1.0.0"
  resolved "http://registry.npmjs.org/chalk/-/chalk-1.0.0.tgz#b3cf4ed0ff5397c99c75b8f679db2f52831f96dc"
  dependencies:
    ansi-styles "^2.0.1"
    escape-string-regexp "^1.0.2"
    has-ansi "^1.0.3"
    strip-ansi "^2.0.1"
    supports-color "^1.3.0"

commander@^2.9.0:
  version "2.18.0"
  resolved "https://registry.yarnpkg.com/commander/-/commander-2.18.0.tgz#2bf063ddee7c7891176981a2cc798e5754bc6970"

escape-string-regexp@^1.0.2:
  version "1.0.5"
  resolved "https://registry.yarnpkg.com/escape-string-regexp/-/escape-string-regexp-1.0.5.tgz#1b61c0562190a8dff6ae3bb2cf0200ca130b86d4"

get-stdin@^4.0.1:
  version "4.0.1"
  resolved "https://registry.yarnpkg.com/get-stdin/-/get-stdin-4.0.1.tgz#b968c6b0a04384324902e8bf1a5df32579a450fe"

has-ansi@^1.0.3:
  version "1.0.3"
  resolved "https://registry.yarnpkg.com/has-ansi/-/has-ansi-1.0.3.tgz#c0b5b1615d9e382b0ff67169d967b425e48ca538"
  dependencies:
    ansi-regex "^1.1.0"
    get-stdin "^4.0.1"

lodash@^4.13.1:
  version "4.17.10"
  resolved "https://registry.yarnpkg.com/lodash/-/lodash-4.17.10.tgz#1b7793cf7259ea38fb3661d4d38b3260af8ae4e7"

pretty-tree@surreal9/pretty-tree:
  version "1.0.0"
  resolved "https://codeload.github.com/surreal9/pretty-tree/tar.gz/dbdb636c397c33da98fc94a15f2461ede2422057"
  dependencies:
    archy "0.0.2"
    chalk "~1.0.0"

strip-ansi@^2.0.1:
  version "2.0.1"
  resolved "https://registry.yarnpkg.com/strip-ansi/-/strip-ansi-2.0.1.tgz#df62c1aa94ed2f114e1d0f21fd1d50482b79a60e"
  dependencies:
    ansi-regex "^1.0.0"

supports-color@^1.3.0:
  version "1.3.1"
  resolved "https://registry.yarnpkg.com/supports-color/-/supports-color-1.3.1.tgz#15758df09d8ff3b4acc307539fabe27095e1042d"
